{
  "requires": true,
  "lockfileVersion": 1,
  "dependencies": {
    "angular-base64-upload": {
      "version": "0.1.23",
      "resolved": "https://registry.npmjs.org/angular-base64-upload/-/angular-base64-upload-0.1.23.tgz",
      "integrity": "sha512-vRSY+7/pag2hEdTSB90LTvT5rU5XPxBNMA1WGz60pNSpChRUzf+h5FR9lObRcGg1WUOvlYinnvoPTD6Nktcx1g=="
    },
    "angular-signature": {
      "version": "1.0.3",
      "resolved": "https://registry.npmjs.org/angular-signature/-/angular-signature-1.0.3.tgz",
      "integrity": "sha1-IRgvxxXTlIniFH9tpKfpakl/4cY=",
      "requires": {
        "signature_pad": "1.6.0"
      }
    },
    "signature_pad": {
      "version": "1.6.0",
      "resolved": "https://registry.npmjs.org/signature_pad/-/signature_pad-1.6.0.tgz",
      "integrity": "sha1-sfvJemnWW4Cb3XBtCSZBbM4uOrE="
    }
  }
}
